// !$*UTF8*$!
{
	archiveVersion = 1;
	classes = {
	};
	objectVersion = 46;
	objects = {

/* Begin PBXBuildFile section */
		380437C31DD6531F000249D4 /* AppDelegate.swift in Sources */ = {isa = PBXBuildFile; fileRef = 380437C21DD6531F000249D4 /* AppDelegate.swift */; };
		380437C51DD6531F000249D4 /* ViewController.swift in Sources */ = {isa = PBXBuildFile; fileRef = 380437C41DD6531F000249D4 /* ViewController.swift */; };
		380437C81DD6531F000249D4 /* Main.storyboard in Resources */ = {isa = PBXBuildFile; fileRef = 380437C61DD6531F000249D4 /* Main.storyboard */; };
		380437CA1DD6531F000249D4 /* Assets.xcassets in Resources */ = {isa = PBXBuildFile; fileRef = 380437C91DD6531F000249D4 /* Assets.xcassets */; };
		380437CD1DD6531F000249D4 /* LaunchScreen.storyboard in Resources */ = {isa = PBXBuildFile; fileRef = 380437CB1DD6531F000249D4 /* LaunchScreen.storyboard */; };
		380437D51DD653AF000249D4 /* SecondViewController.swift in Sources */ = {isa = PBXBuildFile; fileRef = 380437D41DD653AF000249D4 /* SecondViewController.swift */; };
		3861A2971DE108EC005928A3 /* 1eap.jpg in Resources */ = {isa = PBXBuildFile; fileRef = 3861A28F1DE108EC005928A3 /* 1eap.jpg */; };
		3861A2981DE108EC005928A3 /* 1ep.jpeg in Resources */ = {isa = PBXBuildFile; fileRef = 3861A2901DE108EC005928A3 /* 1ep.jpeg */; };
		3861A2991DE108EC005928A3 /* ehead.jpg in Resources */ = {isa = PBXBuildFile; fileRef = 3861A2911DE108EC005928A3 /* ehead.jpg */; };
		3861A29A1DE108EC005928A3 /* elvis.jpg in Resources */ = {isa = PBXBuildFile; fileRef = 3861A2921DE108EC005928A3 /* elvis.jpg */; };
		3861A29B1DE108EC005928A3 /* elviscape.jpg in Resources */ = {isa = PBXBuildFile; fileRef = 3861A2931DE108EC005928A3 /* elviscape.jpg */; };
		3861A29C1DE108EC005928A3 /* epic.jpg in Resources */ = {isa = PBXBuildFile; fileRef = 3861A2941DE108EC005928A3 /* epic.jpg */; };
		3861A29D1DE108EC005928A3 /* evi.jpg in Resources */ = {isa = PBXBuildFile; fileRef = 3861A2951DE108EC005928A3 /* evi.jpg */; };
		3861A29E1DE108EC005928A3 /* gland.jpg in Resources */ = {isa = PBXBuildFile; fileRef = 3861A2961DE108EC005928A3 /* gland.jpg */; };
		3861A2A21DE290A5005928A3 /* ThirdViewController.swift in Sources */ = {isa = PBXBuildFile; fileRef = 3861A2A11DE290A5005928A3 /* ThirdViewController.swift */; };
/* End PBXBuildFile section */

/* Begin PBXFileReference section */
		380437BF1DD6531F000249D4 /* Elvisms.app */ = {isa = PBXFileReference; explicitFileType = wrapper.application; includeInIndex = 0; path = Elvisms.app; sourceTree = BUILT_PRODUCTS_DIR; };
		380437C21DD6531F000249D4 /* AppDelegate.swift */ = {isa = PBXFileReference; lastKnownFileType = sourcecode.swift; path = AppDelegate.swift; sourceTree = "<group>"; };
		380437C41DD6531F000249D4 /* ViewController.swift */ = {isa = PBXFileReference; lastKnownFileType = sourcecode.swift; path = ViewController.swift; sourceTree = "<group>"; };
		380437C71DD6531F000249D4 /* Base */ = {isa = PBXFileReference; lastKnownFileType = file.storyboard; name = Base; path = Base.lproj/Main.storyboard; sourceTree = "<group>"; };
		380437C91DD6531F000249D4 /* Assets.xcassets */ = {isa = PBXFileReference; lastKnownFileType = folder.assetcatalog; path = Assets.xcassets; sourceTree = "<group>"; };
		380437CC1DD6531F000249D4 /* Base */ = {isa = PBXFileReference; lastKnownFileType = file.storyboard; name = Base; path = Base.lproj/LaunchScreen.storyboard; sourceTree = "<group>"; };
		380437CE1DD6531F000249D4 /* Info.plist */ = {isa = PBXFileReference; lastKnownFileType = text.plist.xml; path = Info.plist; sourceTree = "<group>"; };
		380437D41DD653AF000249D4 /* SecondViewController.swift */ = {isa = PBXFileReference; fileEncoding = 4; lastKnownFileType = sourcecode.swift; path = SecondViewController.swift; sourceTree = "<group>"; };
		3861A28F1DE108EC005928A3 /* 1eap.jpg */ = {isa = PBXFileReference; lastKnownFileType = image.jpeg; path = 1eap.jpg; sourceTree = "<group>"; };
		3861A2901DE108EC005928A3 /* 1ep.jpeg */ = {isa = PBXFileReference; lastKnownFileType = image.jpeg; path = 1ep.jpeg; sourceTree = "<group>"; };
		3861A2911DE108EC005928A3 /* ehead.jpg */ = {isa = PBXFileReference; lastKnownFileType = image.jpeg; path = ehead.jpg; sourceTree = "<group>"; };
		3861A2921DE108EC005928A3 /* elvis.jpg */ = {isa = PBXFileReference; lastKnownFileType = image.jpeg; path = elvis.jpg; sourceTree = "<group>"; };
		3861A2931DE108EC005928A3 /* elviscape.jpg */ = {isa = PBXFileReference; lastKnownFileType = image.jpeg; path = elviscape.jpg; sourceTree = "<group>"; };
		3861A2941DE108EC005928A3 /* epic.jpg */ = {isa = PBXFileReference; lastKnownFileType = image.jpeg; path = epic.jpg; sourceTree = "<group>"; };
		3861A2951DE108EC005928A3 /* evi.jpg */ = {isa = PBXFileReference; lastKnownFileType = image.jpeg; path = evi.jpg; sourceTree = "<group>"; };
		3861A2961DE108EC005928A3 /* gland.jpg */ = {isa = PBXFileReference; lastKnownFileType = image.jpeg; path = gland.jpg; sourceTree = "<group>"; };
		3861A2A11DE290A5005928A3 /* ThirdViewController.swift */ = {isa = PBXFileReference; fileEncoding = 4; lastKnownFileType = sourcecode.swift; path = ThirdViewController.swift; sourceTree = "<group>"; };
/* End PBXFileReference section */

/* Begin PBXFrameworksBuildPhase section */
		380437BC1DD6531F000249D4 /* Frameworks */ = {
			isa = PBXFrameworksBuildPhase;
			buildActionMask = 2147483647;
			files = (
			);
			runOnlyForDeploymentPostprocessing = 0;
		};
/* End PBXFrameworksBuildPhase section */

/* Begin PBXGroup section */
		380437B61DD6531F000249D4 = {
			isa = PBXGroup;
			children = (
				380437C11DD6531F000249D4 /* Elvisms */,
				380437C01DD6531F000249D4 /* Products */,
			);
			sourceTree = "<group>";
		};
		380437C01DD6531F000249D4 /* Products */ = {
			isa = PBXGroup;
			children = (
				380437BF1DD6531F000249D4 /* Elvisms.app */,
			);
			name = Products;
			sourceTree = "<group>";
		};
		380437C11DD6531F000249D4 /* Elvisms */ = {
			isa = PBXGroup;
			children = (
				380437C21DD6531F000249D4 /* AppDelegate.swift */,
				380437C41DD6531F000249D4 /* ViewController.swift */,
				3861A2A11DE290A5005928A3 /* ThirdViewController.swift */,
				380437C61DD6531F000249D4 /* Main.storyboard */,
				3861A28F1DE108EC005928A3 /* 1eap.jpg */,
				3861A2901DE108EC005928A3 /* 1ep.jpeg */,
				3861A2911DE108EC005928A3 /* ehead.jpg */,
				3861A2921DE108EC005928A3 /* elvis.jpg */,
				3861A2931DE108EC005928A3 /* elviscape.jpg */,
				3861A2941DE108EC005928A3 /* epic.jpg */,
				3861A2951DE108EC005928A3 /* evi.jpg */,
				3861A2961DE108EC005928A3 /* gland.jpg */,
				380437D41DD653AF000249D4 /* SecondViewController.swift */,
				380437C91DD6531F000249D4 /* Assets.xcassets */,
				380437CB1DD6531F000249D4 /* LaunchScreen.storyboard */,
				380437CE1DD6531F000249D4 /* Info.plist */,
			);
			path = Elvisms;
			sourceTree = "<group>";
		};
/* End PBXGroup section */

/* Begin PBXNativeTarget section */
		380437BE1DD6531F000249D4 /* Elvisms */ = {
			isa = PBXNativeTarget;
			buildConfigurationList = 380437D11DD6531F000249D4 /* Build configuration list for PBXNativeTarget "Elvisms" */;
			buildPhases = (
				380437BB1DD6531F000249D4 /* Sources */,
				380437BC1DD6531F000249D4 /* Frameworks */,
				380437BD1DD6531F000249D4 /* Resources */,
			);
			buildRules = (
			);
			dependencies = (
			);
			name = Elvisms;
			productName = Elvisms;
			productReference = 380437BF1DD6531F000249D4 /* Elvisms.app */;
			productType = "com.apple.product-type.application";
		};
/* End PBXNativeTarget section */

/* Begin PBXProject section */
		380437B71DD6531F000249D4 /* Project object */ = {
			isa = PBXProject;
			attributes = {
				LastSwiftUpdateCheck = 0800;
				LastUpgradeCheck = 0800;
				ORGANIZATIONNAME = Dadio;
				TargetAttributes = {
					380437BE1DD6531F000249D4 = {
						CreatedOnToolsVersion = 8.0;
						DevelopmentTeam = U65VJA9ZHN;
						ProvisioningStyle = Automatic;
					};
				};
			};
			buildConfigurationList = 380437BA1DD6531F000249D4 /* Build configuration list for PBXProject "Elvisms" */;
			compatibilityVersion = "Xcode 3.2";
			developmentRegion = English;
			hasScannedForEncodings = 0;
			knownRegions = (
				en,
				Base,
			);
			mainGroup = 380437B61DD6531F000249D4;
			productRefGroup = 380437C01DD6531F000249D4 /* Products */;
			projectDirPath = "";
			projectRoot = "";
			targets = (
				380437BE1DD6531F000249D4 /* Elvisms */,
			);
		};
/* End PBXProject section */

/* Begin PBXResourcesBuildPhase section */
		380437BD1DD6531F000249D4 /* Resources */ = {
			isa = PBXResourcesBuildPhase;
			buildActionMask = 2147483647;
			files = (
				3861A29B1DE108EC005928A3 /* elviscape.jpg in Resources */,
				380437CD1DD6531F000249D4 /* LaunchScreen.storyboard in Resources */,
				3861A29E1DE108EC005928A3 /* gland.jpg in Resources */,
				3861A2981DE108EC005928A3 /* 1ep.jpeg in Resources */,
				3861A29A1DE108EC005928A3 /* elvis.jpg in Resources */,
				3861A29C1DE108EC005928A3 /* epic.jpg in Resources */,
				380437CA1DD6531F000249D4 /* Assets.xcassets in Resources */,
				3861A29D1DE108EC005928A3 /* evi.jpg in Resources */,
				3861A2971DE108EC005928A3 /* 1eap.jpg in Resources */,
				380437C81DD6531F000249D4 /* Main.storyboard in Resources */,
				3861A2991DE108EC005928A3 /* ehead.jpg in Resources */,
			);
			runOnlyForDeploymentPostprocessing = 0;
		};
/* End PBXResourcesBuildPhase section */

/* Begin PBXSourcesBuildPhase section */
		380437BB1DD6531F000249D4 /* Sources */ = {
			isa = PBXSourcesBuildPhase;
			buildActionMask = 2147483647;
			files = (
				380437D51DD653AF000249D4 /* SecondViewController.swift in Sources */,
				380437C51DD6531F000249D4 /* ViewController.swift in Sources */,
				3861A2A21DE290A5005928A3 /* ThirdViewController.swift in Sources */,
				380437C31DD6531F000249D4 /* AppDelegate.swift in Sources */,
			);
			runOnlyForDeploymentPostprocessing = 0;
		};
/* End PBXSourcesBuildPhase section */

/* Begin PBXVariantGroup section */
		380437C61DD6531F000249D4 /* Main.storyboard */ = {
			isa = PBXVariantGroup;
			children = (
				380437C71DD6531F000249D4 /* Base */,
			);
			name = Main.storyboard;
			sourceTree = "<group>";
		};
		380437CB1DD6531F000249D4 /* LaunchScreen.storyboard */ = {
			isa = PBXVariantGroup;
			children = (
				380437CC1DD6531F000249D4 /* Base */,
			);
			name = LaunchScreen.storyboard;
			sourceTree = "<group>";
		};
/* End PBXVariantGroup section */

/* Begin XCBuildConfiguration section */
		380437CF1DD6531F000249D4 /* Debug */ = {
			isa = XCBuildConfiguration;
			buildSettings = {
				ALWAYS_SEARCH_USER_PATHS = NO;
				CLANG_ANALYZER_NONNULL = YES;
				CLANG_CXX_LANGUAGE_STANDARD = "gnu++0x";
				CLANG_CXX_LIBRARY = "libc++";
				CLANG_ENABLE_MODULES = YES;
				CLANG_ENABLE_OBJC_ARC = YES;
				CLANG_WARN_BOOL_CONVERSION = YES;
				CLANG_WARN_CONSTANT_CONVERSION = YES;
				CLANG_WARN_DIRECT_OBJC_ISA_USAGE = YES_ERROR;
				CLANG_WARN_DOCUMENTATION_COMMENTS = YES;
				CLANG_WARN_EMPTY_BODY = YES;
				CLANG_WARN_ENUM_CONVERSION = YES;
				CLANG_WARN_INFINITE_RECURSION = YES;
				CLANG_WARN_INT_CONVERSION = YES;
				CLANG_WARN_OBJC_ROOT_CLASS = YES_ERROR;
				CLANG_WARN_SUSPICIOUS_MOVES = YES;
				CLANG_WARN_UNREACHABLE_CODE = YES;
				CLANG_WARN__DUPLICATE_METHOD_MATCH = YES;
				"CODE_SIGN_IDENTITY[sdk=iphoneos*]" = "iPhone Developer";
				COPY_PHASE_STRIP = NO;
				DEBUG_INFORMATION_FORMAT = dwarf;
				ENABLE_STRICT_OBJC_MSGSEND = YES;
				ENABLE_TESTABILITY = YES;
				GCC_C_LANGUAGE_STANDARD = gnu99;
				GCC_DYNAMIC_NO_PIC = NO;
				GCC_NO_COMMON_BLOCKS = YES;
				GCC_OPTIMIZATION_LEVEL = 0;
				GCC_PREPROCESSOR_DEFINITIONS = (
					"DEBUG=1",
					"$(inherited)",
				);
				GCC_WARN_64_TO_32_BIT_CONVERSION = YES;
				GCC_WARN_ABOUT_RETURN_TYPE = YES_ERROR;
				GCC_WARN_UNDECLARED_SELECTOR = YES;
				GCC_WARN_UNINITIALIZED_AUTOS = YES_AGGRESSIVE;
				GCC_WARN_UNUSED_FUNCTION = YES;
				GCC_WARN_UNUSED_VARIABLE = YES;
				IPHONEOS_DEPLOYMENT_TARGET = 10.0;
				MTL_ENABLE_DEBUG_INFO = YES;
				ONLY_ACTIVE_ARCH = YES;
				SDKROOT = iphoneos;
				SWIFT_ACTIVE_COMPILATION_CONDITIONS = DEBUG;
				SWIFT_OPTIMIZATION_LEVEL = "-Onone";
			};
			name = Debug;
		};
		380437D01DD6531F000249D4 /* Release */ = {
			isa = XCBuildConfiguration;
			buildSettings = {
				ALWAYS_SEARCH_USER_PATHS = NO;
				CLANG_ANALYZER_NONNULL = YES;
				CLANG_CXX_LANGUAGE_STANDARD = "gnu++0x";
				CLANG_CXX_LIBRARY = "libc++";
				CLANG_ENABLE_MODULES = YES;
				CLANG_ENABLE_OBJC_ARC = YES;
				CLANG_WARN_BOOL_CONVERSION = YES;
				CLANG_WARN_CONSTANT_CONVERSION = YES;
				CLANG_WARN_DIRECT_OBJC_ISA_USAGE = YES_ERROR;
				CLANG_WARN_DOCUMENTATION_COMMENTS = YES;
				CLANG_WARN_EMPTY_BODY = YES;
				CLANG_WARN_ENUM_CONVERSION = YES;
				CLANG_WARN_INFINITE_RECURSION = YES;
				CLANG_WARN_INT_CONVERSION = YES;
				CLANG_WARN_OBJC_ROOT_CLASS = YES_ERROR;
				CLANG_WARN_SUSPICIOUS_MOVES = YES;
				CLANG_WARN_UNREACHABLE_CODE = YES;
				CLANG_WARN__DUPLICATE_METHOD_MATCH = YES;
				"CODE_SIGN_IDENTITY[sdk=iphoneos*]" = "iPhone Developer";
				COPY_PHASE_STRIP = NO;
				DEBUG_INFORMATION_FORMAT = "dwarf-with-dsym";
				ENABLE_NS_ASSERTIONS = NO;
				ENABLE_STRICT_OBJC_MSGSEND = YES;
				GCC_C_LANGUAGE_STANDARD = gnu99;
				GCC_NO_COMMON_BLOCKS = YES;
				GCC_WARN_64_TO_32_BIT_CONVERSION = YES;
				GCC_WARN_ABOUT_RETURN_TYPE = YES_ERROR;
				GCC_WARN_UNDECLARED_SELECTOR = YES;
				GCC_WARN_UNINITIALIZED_AUTOS = YES_AGGRESSIVE;
				GCC_WARN_UNUSED_FUNCTION = YES;
				GCC_WARN_UNUSED_VARIABLE = YES;
				IPHONEOS_DEPLOYMENT_TARGET = 10.0;
				MTL_ENABLE_DEBUG_INFO = NO;
				SDKROOT = iphoneos;
				SWIFT_OPTIMIZATION_LEVEL = "-Owholemodule";
				VALIDATE_PRODUCT = YES;
			};
			name = Release;
		};
		380437D21DD6531F000249D4 /* Debug */ = {
			isa = XCBuildConfiguration;
			buildSettings = {
				ASSETCATALOG_COMPILER_APPICON_NAME = AppIcon;
				DEVELOPMENT_TEAM = U65VJA9ZHN;
				INFOPLIST_FILE = Elvisms/Info.plist;
				LD_RUNPATH_SEARCH_PATHS = "$(inherited) @executable_path/Frameworks";
				PRODUCT_BUNDLE_IDENTIFIER = com.dadio.Elvisms;
				PRODUCT_NAME = "$(TARGET_NAME)";
				SWIFT_VERSION = 3.0;
			};
			name = Debug;
		};
		380437D31DD6531F000249D4 /* Release */ = {
			isa = XCBuildConfiguration;
			buildSettings = {
				ASSETCATALOG_COMPILER_APPICON_NAME = AppIcon;
				DEVELOPMENT_TEAM = U65VJA9ZHN;
				INFOPLIST_FILE = Elvisms/Info.plist;
				LD_RUNPATH_SEARCH_PATHS = "$(inherited) @executable_path/Frameworks";
				PRODUCT_BUNDLE_IDENTIFIER = com.dadio.Elvisms;
				PRODUCT_NAME = "$(TARGET_NAME)";
				SWIFT_VERSION = 3.0;
			};
			name = Release;
		};
/* End XCBuildConfiguration section */

/* Begin XCConfigurationList section */
		380437BA1DD6531F000249D4 /* Build configuration list for PBXProject "Elvisms" */ = {
			isa = XCConfigurationList;
			buildConfigurations = (
				380437CF1DD6531F000249D4 /* Debug */,
				380437D01DD6531F000249D4 /* Release */,
			);
			defaultConfigurationIsVisible = 0;
			defaultConfigurationName = Release;
		};
		380437D11DD6531F000249D4 /* Build configuration list for PBXNativeTarget "Elvisms" */ = {
			isa = XCConfigurationList;
			buildConfigurations = (
				380437D21DD6531F000249D4 /* Debug */,
				380437D31DD6531F000249D4 /* Release */,
			);
			defaultConfigurationIsVisible = 0;
			defaultConfigurationName = Release;
		};
/* End XCConfigurationList section */
	};
	rootObject = 380437B71DD6531F000249D4 /* Project object */;
}
